
Microsoft Visual Studio Solution File, Format Version 12.00
# Visual Studio 15
VisualStudioVersion = 15.0.26730.3
MinimumVisualStudioVersion = 10.0.40219.1
Project("{FAE04EC0-301F-11D3-BF4B-00C04F79EFBC}") = "NetworkFramework", "NetworkFramework\NetworkFramework.csproj", "{66FAD690-CFF6-4C07-9FC7-E289ACB7DE6C}"
EndProject
Project("{FAE04EC0-301F-11D3-BF4B-00C04F79EFBC}") = "ClientServer", "ClientServer\ClientServer.csproj", "{4271DBED-B92F-4935-8953-0E8C433C3FAE}"
EndProject
Global
	GlobalSection(SolutionConfigurationPlatforms) = preSolution
		Debug|Any CPU = Debug|Any CPU
		Release|Any CPU = Release|Any CPU
	EndGlobalSection
	GlobalSection(ProjectConfigurationPlatforms) = postSolution
		{66FAD690-CFF6-4C07-9FC7-E289ACB7DE6C}.Debug|Any CPU.ActiveCfg = Debug|Any CPU
		{66FAD690-CFF6-4C07-9FC7-E289ACB7DE6C}.Debug|Any CPU.Build.0 = Debug|Any CPU
		{66FAD690-CFF6-4C07-9FC7-E289ACB7DE6C}.Release|Any CPU.ActiveCfg = Release|Any CPU
		{66FAD690-CFF6-4C07-9FC7-E289ACB7DE6C}.Release|Any CPU.Build.0 = Release|Any CPU
		{4271DBED-B92F-4935-8953-0E8C433C3FAE}.Debug|Any CPU.ActiveCfg = Debug|Any CPU
		{4271DBED-B92F-4935-8953-0E8C433C3FAE}.Debug|Any CPU.Build.0 = Debug|Any CPU
		{4271DBED-B92F-4935-8953-0E8C433C3FAE}.Release|Any CPU.ActiveCfg = Release|Any CPU
		{4271DBED-B92F-4935-8953-0E8C433C3FAE}.Release|Any CPU.Build.0 = Release|Any CPU
	EndGlobalSection
	GlobalSection(SolutionProperties) = preSolution
		HideSolutionNode = FALSE
	EndGlobalSection
	GlobalSection(ExtensibilityGlobals) = postSolution
		SolutionGuid = {4FAEEA23-EE64-4C21-9EB5-9D0387F981B5}
	EndGlobalSection
EndGlobal
